<Solution>
  <Project Path="Cubusky.BuildingBlocks/Cubusky.BuildingBlocks.csproj" Id="34fe6478-0d6a-410a-b28f-773c582636e8" />
  <Project Path="Cubusky.Stats.Core/Cubusky.Stats.Core.csproj" />
  <Project Path="Cubusky.Stats.FireEmblem/Cubusky.Stats.FireEmblem.csproj" Id="c5712d43-6644-4315-a3af-00c72f9ce8da" />
  <Project Path="Cubusky.Stats.Generators/Cubusky.Stats.Generators.csproj" Id="e3500af6-aead-47e5-85cb-52f663a13e99" />
  <Project Path="Cubusky.Stats.Tests/Cubusky.Stats.Tests.csproj" Id="a7b28d16-0563-4cd0-9aed-52f565dd6f8d" />
  <Project Path="Cubusky.Stats/Cubusky.Stats.csproj" Id="c98db41d-bbd5-4efa-8a71-2c38d53fc8fb" />
</Solution>
